{
  "name": "shell",
  "lockfileVersion": 3,
  "requires": true,
  "packages": {
    "": {
      "dependencies": {
        "@girs/ecal-2.0": "^2.0.0-4.0.0-beta.19",
        "@girs/edataserver-1.2": "^1.2.0-4.0.0-beta.19"
      }
    },
    "node_modules/@girs/cairo-1.0": {
      "version": "1.0.0-4.0.0-beta.19",
      "resolved": "https://registry.npmjs.org/@girs/cairo-1.0/-/cairo-1.0-1.0.0-4.0.0-beta.19.tgz",
      "integrity": "sha512-nBI5oveqH0N7czBC95ofJ4Un5KKqK6guANE6O0OxkwuF6B3YxVqdNmF8O8i2tk3GIxBzwxkC0bi0Wb6X4tLR8g==",
      "license": "MIT",
      "dependencies": {
        "@girs/gjs": "^4.0.0-beta.19",
        "@girs/glib-2.0": "^2.82.2-4.0.0-beta.19",
        "@girs/gobject-2.0": "^2.82.2-4.0.0-beta.19"
      }
    },
    "node_modules/@girs/camel-1.2": {
      "version": "1.2.0-4.0.0-beta.19",
      "resolved": "https://registry.npmjs.org/@girs/camel-1.2/-/camel-1.2-1.2.0-4.0.0-beta.19.tgz",
      "integrity": "sha512-jdDBR1irrHrl1tzOPMzWhbaFv3csB8f4wRy0S+IJZ0nnBs3AB472RUgvIX3Qz1oNkk7k1IPTyjQmGMPctbyM6A==",
      "license": "MIT",
      "dependencies": {
        "@girs/gio-2.0": "^2.82.2-4.0.0-beta.19",
        "@girs/gjs": "^4.0.0-beta.19",
        "@girs/glib-2.0": "^2.82.2-4.0.0-beta.19",
        "@girs/gmodule-2.0": "^2.0.0-4.0.0-beta.19",
        "@girs/gobject-2.0": "^2.82.2-4.0.0-beta.19",
        "@girs/libxml2-2.0": "^2.0.0-4.0.0-beta.19"
      }
    },
    "node_modules/@girs/ecal-2.0": {
      "version": "2.0.0-4.0.0-beta.19",
      "resolved": "https://registry.npmjs.org/@girs/ecal-2.0/-/ecal-2.0-2.0.0-4.0.0-beta.19.tgz",
      "integrity": "sha512-NGcHBqRMCYEBEc6yRDKx07CO9yriMeo1pfVPorjJIv9beRkv6uxFMCkBb7LgN9ByNr4jMzklqLAJ2hBuMqU9ww==",
      "license": "MIT",
      "dependencies": {
        "@girs/camel-1.2": "^1.2.0-4.0.0-beta.19",
        "@girs/edataserver-1.2": "^1.2.0-4.0.0-beta.19",
        "@girs/gio-2.0": "^2.82.2-4.0.0-beta.19",
        "@girs/gjs": "^4.0.0-beta.19",
        "@girs/glib-2.0": "^2.82.2-4.0.0-beta.19",
        "@girs/gmodule-2.0": "^2.0.0-4.0.0-beta.19",
        "@girs/gobject-2.0": "^2.82.2-4.0.0-beta.19",
        "@girs/icalglib-3.0": "^3.0.0-4.0.0-beta.19",
        "@girs/json-1.0": "^1.10.0-4.0.0-beta.19",
        "@girs/libxml2-2.0": "^2.0.0-4.0.0-beta.19",
        "@girs/soup-3.0": "^3.6.0-4.0.0-beta.19"
      }
    },
    "node_modules/@girs/edataserver-1.2": {
      "version": "1.2.0-4.0.0-beta.19",
      "resolved": "https://registry.npmjs.org/@girs/edataserver-1.2/-/edataserver-1.2-1.2.0-4.0.0-beta.19.tgz",
      "integrity": "sha512-W1jO36W01r+u3MTbbsQ8UHynST+WkyHdI6rKuUrIOJBNF6ERSUQkY9ElAhvTuitOW18tsrB5Q26FtIBkydKFng==",
      "license": "MIT",
      "dependencies": {
        "@girs/camel-1.2": "^1.2.0-4.0.0-beta.19",
        "@girs/gio-2.0": "^2.82.2-4.0.0-beta.19",
        "@girs/gjs": "^4.0.0-beta.19",
        "@girs/glib-2.0": "^2.82.2-4.0.0-beta.19",
        "@girs/gmodule-2.0": "^2.0.0-4.0.0-beta.19",
        "@girs/gobject-2.0": "^2.82.2-4.0.0-beta.19",
        "@girs/json-1.0": "^1.10.0-4.0.0-beta.19",
        "@girs/libxml2-2.0": "^2.0.0-4.0.0-beta.19",
        "@girs/soup-3.0": "^3.6.0-4.0.0-beta.19"
      }
    },
    "node_modules/@girs/gio-2.0": {
      "version": "2.82.2-4.0.0-beta.19",
      "resolved": "https://registry.npmjs.org/@girs/gio-2.0/-/gio-2.0-2.82.2-4.0.0-beta.19.tgz",
      "integrity": "sha512-OM2E/mdNX3Z+X7mB8ZVFch4WbUqX1Y6hADiG9+LuGWsAOjPAVvDDUk5N4+34+BTPEfFHLGOdo8E7dI235jylCQ==",
      "license": "MIT",
      "dependencies": {
        "@girs/gjs": "^4.0.0-beta.19",
        "@girs/glib-2.0": "^2.82.2-4.0.0-beta.19",
        "@girs/gmodule-2.0": "^2.0.0-4.0.0-beta.19",
        "@girs/gobject-2.0": "^2.82.2-4.0.0-beta.19"
      }
    },
    "node_modules/@girs/gjs": {
      "version": "4.0.0-beta.19",
      "resolved": "https://registry.npmjs.org/@girs/gjs/-/gjs-4.0.0-beta.19.tgz",
      "integrity": "sha512-tl+BjmMqqZH9xZcJZ2AwWI0sotGDc7qVPppAJNeFZFCgUDOFVWThZfkpZffZcQGNphn7wgU8HOvgZyrtVhrltw==",
      "license": "MIT",
      "dependencies": {
        "@girs/cairo-1.0": "^1.0.0-4.0.0-beta.19",
        "@girs/gio-2.0": "^2.82.2-4.0.0-beta.19",
        "@girs/glib-2.0": "^2.82.2-4.0.0-beta.19",
        "@girs/gobject-2.0": "^2.82.2-4.0.0-beta.19"
      }
    },
    "node_modules/@girs/glib-2.0": {
      "version": "2.82.2-4.0.0-beta.19",
      "resolved": "https://registry.npmjs.org/@girs/glib-2.0/-/glib-2.0-2.82.2-4.0.0-beta.19.tgz",
      "integrity": "sha512-mRUhcp7O65KQQkyrgiQpUzl1rY+TH4X+A98Kk67g3VjuA7Ei/lV4lcuZnW04HnXAGvQ3Qfkq877NmcDXRgb02g==",
      "license": "MIT",
      "dependencies": {
        "@girs/gjs": "^4.0.0-beta.19",
        "@girs/gobject-2.0": "^2.82.2-4.0.0-beta.19"
      }
    },
    "node_modules/@girs/gmodule-2.0": {
      "version": "2.0.0-4.0.0-beta.19",
      "resolved": "https://registry.npmjs.org/@girs/gmodule-2.0/-/gmodule-2.0-2.0.0-4.0.0-beta.19.tgz",
      "integrity": "sha512-whTYGLL63Hw1Tn9ZicpJRAMtkYiZwB3lrcln4ETFxyO1ckGTTZ5s17cWcrQjij27veVvjWcb5rmc93L5djeBpg==",
      "license": "MIT",
      "dependencies": {
        "@girs/gjs": "^4.0.0-beta.19",
        "@girs/glib-2.0": "^2.82.2-4.0.0-beta.19",
        "@girs/gobject-2.0": "^2.82.2-4.0.0-beta.19"
      }
    },
    "node_modules/@girs/gobject-2.0": {
      "version": "2.82.2-4.0.0-beta.19",
      "resolved": "https://registry.npmjs.org/@girs/gobject-2.0/-/gobject-2.0-2.82.2-4.0.0-beta.19.tgz",
      "integrity": "sha512-E1fCaIZvZ7K035Waa/vYOTqLKI47OSUX3wpMrD+DBlyfDLDCFvyXwaIrFsiKUVFJIxj1xxq7H2yCZvkYqkfklA==",
      "license": "MIT",
      "dependencies": {
        "@girs/gjs": "^4.0.0-beta.19",
        "@girs/glib-2.0": "^2.82.2-4.0.0-beta.19"
      }
    },
    "node_modules/@girs/icalglib-3.0": {
      "version": "3.0.0-4.0.0-beta.19",
      "resolved": "https://registry.npmjs.org/@girs/icalglib-3.0/-/icalglib-3.0-3.0.0-4.0.0-beta.19.tgz",
      "integrity": "sha512-FGfTkbkhCYaf02xn4No/qWHK3dMVK8OI3HGwHB74XZ8i2bBFXcBV+94Gfo2HHBeCNmXGOFjc7rireZXNOAAOTQ==",
      "license": "MIT",
      "dependencies": {
        "@girs/gjs": "^4.0.0-beta.19",
        "@girs/glib-2.0": "^2.82.2-4.0.0-beta.19",
        "@girs/gobject-2.0": "^2.82.2-4.0.0-beta.19"
      }
    },
    "node_modules/@girs/json-1.0": {
      "version": "1.10.0-4.0.0-beta.19",
      "resolved": "https://registry.npmjs.org/@girs/json-1.0/-/json-1.0-1.10.0-4.0.0-beta.19.tgz",
      "integrity": "sha512-gUoX7sD43QE+tj3Jry+BDfjovhaui9rH5A0ismBa9HcsUo7qBpOXpWqfwMT/hGU26q5aTfUE3lzaYCaJyIMcCQ==",
      "license": "MIT",
      "dependencies": {
        "@girs/gio-2.0": "^2.82.2-4.0.0-beta.19",
        "@girs/gjs": "^4.0.0-beta.19",
        "@girs/glib-2.0": "^2.82.2-4.0.0-beta.19",
        "@girs/gmodule-2.0": "^2.0.0-4.0.0-beta.19",
        "@girs/gobject-2.0": "^2.82.2-4.0.0-beta.19"
      }
    },
    "node_modules/@girs/libxml2-2.0": {
      "version": "2.0.0-4.0.0-beta.19",
      "resolved": "https://registry.npmjs.org/@girs/libxml2-2.0/-/libxml2-2.0-2.0.0-4.0.0-beta.19.tgz",
      "integrity": "sha512-ucEgQVbpXVzJp8HnP2giQu5PocLIJOCmsayVBBIcM9Dlt9oHcCvzsm1b9ibPPxRQkyAbwRA5pcSY5Nf7oXFglQ==",
      "license": "MIT",
      "dependencies": {
        "@girs/gjs": "^4.0.0-beta.19",
        "@girs/gobject-2.0": "^2.82.2-4.0.0-beta.19"
      }
    },
    "node_modules/@girs/soup-3.0": {
      "version": "3.6.0-4.0.0-beta.19",
      "resolved": "https://registry.npmjs.org/@girs/soup-3.0/-/soup-3.0-3.6.0-4.0.0-beta.19.tgz",
      "integrity": "sha512-4CT3L0FcLUqa/EfMKAWC6lOo3V6WjCMj0S462nBp5LcZTYTjTc88UexHScHfiSxwF/QvofIKwjqWV4t4LlQqFg==",
      "license": "MIT",
      "dependencies": {
        "@girs/gio-2.0": "^2.82.2-4.0.0-beta.19",
        "@girs/gjs": "^4.0.0-beta.19",
        "@girs/glib-2.0": "^2.82.2-4.0.0-beta.19",
        "@girs/gmodule-2.0": "^2.0.0-4.0.0-beta.19",
        "@girs/gobject-2.0": "^2.82.2-4.0.0-beta.19"
      }
    }
  }
}
